
Microsoft Visual Studio Solution File, Format Version 12.00
# Visual Studio Version 16
VisualStudioVersion = 16.0.29411.108
MinimumVisualStudioVersion = 10.0.40219.1
Project("{FAE04EC0-301F-11D3-BF4B-00C04F79EFBC}") = "02-FormMDI", "02-FormMDI\02-FormMDI.csproj", "{DA5FF66C-1858-4790-92E1-D50B0499BCE2}"
EndProject
Global
	GlobalSection(SolutionConfigurationPlatforms) = preSolution
		Debug|Any CPU = Debug|Any CPU
		Release|Any CPU = Release|Any CPU
	EndGlobalSection
	GlobalSection(ProjectConfigurationPlatforms) = postSolution
		{DA5FF66C-1858-4790-92E1-D50B0499BCE2}.Debug|Any CPU.ActiveCfg = Debug|Any CPU
		{DA5FF66C-1858-4790-92E1-D50B0499BCE2}.Debug|Any CPU.Build.0 = Debug|Any CPU
		{DA5FF66C-1858-4790-92E1-D50B0499BCE2}.Release|Any CPU.ActiveCfg = Release|Any CPU
		{DA5FF66C-1858-4790-92E1-D50B0499BCE2}.Release|Any CPU.Build.0 = Release|Any CPU
	EndGlobalSection
	GlobalSection(SolutionProperties) = preSolution
		HideSolutionNode = FALSE
	EndGlobalSection
	GlobalSection(ExtensibilityGlobals) = postSolution
		SolutionGuid = {AAA3CC94-B57B-45BC-8FEF-220A05DABB15}
	EndGlobalSection
EndGlobal
