
Microsoft Visual Studio Solution File, Format Version 12.00
# Visual Studio Version 16
VisualStudioVersion = 16.0.29411.108
MinimumVisualStudioVersion = 10.0.40219.1
Project("{FAE04EC0-301F-11D3-BF4B-00C04F79EFBC}") = "028_usoInterfacciaIcomparalble", "028_usoInterfacciaIcomparalble\028_usoInterfacciaIcomparalble.csproj", "{9D50F14E-73C1-44F2-833D-5C8131AABF3B}"
EndProject
Global
	GlobalSection(SolutionConfigurationPlatforms) = preSolution
		Debug|Any CPU = Debug|Any CPU
		Release|Any CPU = Release|Any CPU
	EndGlobalSection
	GlobalSection(ProjectConfigurationPlatforms) = postSolution
		{9D50F14E-73C1-44F2-833D-5C8131AABF3B}.Debug|Any CPU.ActiveCfg = Debug|Any CPU
		{9D50F14E-73C1-44F2-833D-5C8131AABF3B}.Debug|Any CPU.Build.0 = Debug|Any CPU
		{9D50F14E-73C1-44F2-833D-5C8131AABF3B}.Release|Any CPU.ActiveCfg = Release|Any CPU
		{9D50F14E-73C1-44F2-833D-5C8131AABF3B}.Release|Any CPU.Build.0 = Release|Any CPU
	EndGlobalSection
	GlobalSection(SolutionProperties) = preSolution
		HideSolutionNode = FALSE
	EndGlobalSection
	GlobalSection(ExtensibilityGlobals) = postSolution
		SolutionGuid = {7F71E52E-CEED-4301-BE97-D1CD70B9613D}
	EndGlobalSection
EndGlobal
