
Microsoft Visual Studio Solution File, Format Version 12.00
# Visual Studio Version 16
VisualStudioVersion = 16.0.29409.12
MinimumVisualStudioVersion = 10.0.40219.1
Project("{FAE04EC0-301F-11D3-BF4B-00C04F79EFBC}") = "algoritmodiricercaablocchi-project", "algoritmodiricercaablocchi-project\algoritmodiricercaablocchi-project.csproj", "{D57B49FB-F090-4F04-B838-99BC9ADA1FD1}"
EndProject
Global
	GlobalSection(SolutionConfigurationPlatforms) = preSolution
		Debug|Any CPU = Debug|Any CPU
		Release|Any CPU = Release|Any CPU
	EndGlobalSection
	GlobalSection(ProjectConfigurationPlatforms) = postSolution
		{D57B49FB-F090-4F04-B838-99BC9ADA1FD1}.Debug|Any CPU.ActiveCfg = Debug|Any CPU
		{D57B49FB-F090-4F04-B838-99BC9ADA1FD1}.Debug|Any CPU.Build.0 = Debug|Any CPU
		{D57B49FB-F090-4F04-B838-99BC9ADA1FD1}.Release|Any CPU.ActiveCfg = Release|Any CPU
		{D57B49FB-F090-4F04-B838-99BC9ADA1FD1}.Release|Any CPU.Build.0 = Release|Any CPU
	EndGlobalSection
	GlobalSection(SolutionProperties) = preSolution
		HideSolutionNode = FALSE
	EndGlobalSection
	GlobalSection(ExtensibilityGlobals) = postSolution
		SolutionGuid = {C25767F5-48A1-4E56-8046-D73BBE85E1E5}
	EndGlobalSection
EndGlobal
